# This file is autogenerated, do not edit; changes may be undone by the next 'dep ensure'.


[[projects]]
  branch = "master"
  digest = "1:dd1417c60900a2be6d1653e90306614657761fc9c3066eccc558ae432b31aa60"
  name = "github.com/atotto/clipboard"
  packages = ["."]
  pruneopts = "UT"
  revision = "5e2c7bddca04488284428a201e4a15615f7a5074"

[[projects]]
  digest = "1:076cc4756ef05aa1a9e6d45864b0a06d0f17e684d4101bb768f6f4b6cc340445"
  name = "github.com/castillobgr/sententia"
  packages = ["."]
  pruneopts = "UT"
  revision = "9b04b4a53625e6af0b410a8ab124492442535e65"
  version = "v2.0"

[[projects]]
  digest = "1:865079840386857c809b72ce300be7580cb50d3d3129ce11bf9aa6ca2bc1934a"
  name = "github.com/fatih/color"
  packages = ["."]
  pruneopts = "UT"
  revision = "5b77d2a35fb0ede96d138fc9a99f5c9b6aef11b4"
  version = "v1.7.0"

[[projects]]
  digest = "1:870d441fe217b8e689d7949fef6e43efbc787e50f200cb1e70dbca9204a1d6be"
  name = "github.com/inconshreveable/mousetrap"
  packages = ["."]
  pruneopts = "UT"
  revision = "76626ae9c91c4f2a10f34cad8ce83ea42c93bb75"
  version = "v1.0"

[[projects]]
  digest = "1:c658e84ad3916da105a761660dcaeb01e63416c8ec7bc62256a9b411a05fcd67"
  name = "github.com/mattn/go-colorable"
  packages = ["."]
  pruneopts = "UT"
  revision = "167de6bfdfba052fa6b2d3664c8f5272e23c9072"
  version = "v0.0.9"

[[projects]]
  digest = "1:d4d17353dbd05cb52a2a52b7fe1771883b682806f68db442b436294926bbfafb"
  name = "github.com/mattn/go-isatty"
  packages = ["."]
  pruneopts = "UT"
  revision = "0360b2af4f38e8d38c7fce2a9f4e702702d73a39"
  version = "v0.0.3"

[[projects]]
  digest = "1:e2d1d410fb367567c2b53ed9e2d719d3c1f0891397bb2fa49afd747cfbf1e8e4"
  name = "github.com/mattn/go-runewidth"
  packages = ["."]
  pruneopts = "UT"
  revision = "9e777a8366cce605130a531d2cd6363d07ad7317"
  version = "v0.0.2"

[[projects]]
  digest = "1:3cafc6a5a1b8269605d9df4c6956d43d8011fc57f266ca6b9d04da6c09dee548"
  name = "github.com/mattn/go-sqlite3"
  packages = ["."]
  pruneopts = "UT"
  revision = "25ecb14adfc7543176f7d85291ec7dba82c6f7e4"
  version = "v1.9.0"

[[projects]]
  digest = "1:41f8c34c3ab0a8b7107cebd358aefc16389ff5a4c17d110b2e496ec1c7c5beca"
  name = "github.com/mdp/qrterminal"
  packages = ["."]
  pruneopts = "UT"
  revision = "0610c700bc3844bd7ef9c27f032fe448fe224f40"
  version = "v1.0.0"

[[projects]]
  digest = "1:66b0a65aba488ca6c72f77132d5b8d7e2c5baf07d577dee64502b69a2c90c791"
  name = "github.com/nbutton23/zxcvbn-go"
  packages = [
    ".",
    "adjacency",
    "data",
    "entropy",
    "frequency",
    "match",
    "matching",
    "scoring",
    "utils/math",
  ]
  pruneopts = "UT"
  revision = "eafdab6b0663b4b528c35975c8b0e78be6e25261"
  version = "v0.1"

[[projects]]
  branch = "master"
  digest = "1:4daa045e1e1f3e23f4b07db6880cdf9f259dab65312dfe244a878e6070faaf77"
  name = "github.com/olekukonko/tablewriter"
  packages = ["."]
  pruneopts = "UT"
  revision = "d4647c9c7a84d847478d890b816b7d8b62b0b279"

[[projects]]
  digest = "1:5258068b2b83fac8c8fb9fc64f10c6885d61c0818c86f2836ef2c52dc0f29522"
  name = "github.com/rsc/qr"
  packages = ["."]
  pruneopts = "UT"
  revision = "48b2ede4844e13f1a2b7ce4d2529c9af7e359fc5"
  version = "v0.1.0"

[[projects]]
  digest = "1:2e8a205727a065f79ee17d04ce54b8e5c18268241835843e6799497f445738c8"
  name = "github.com/sahilm/fuzzy"
  packages = ["."]
  pruneopts = "UT"
  revision = "df93d96a0fd86b97655b90f63c70802b4e793afb"
  version = "v0.0.5"

[[projects]]
  digest = "1:516e71bed754268937f57d4ecb190e01958452336fa73dbac880894164e91c1f"
  name = "github.com/spf13/cast"
  packages = ["."]
  pruneopts = "UT"
  revision = "8965335b8c7107321228e3e3702cab9832751bac"
  version = "v1.2.0"

[[projects]]
  digest = "1:645cabccbb4fa8aab25a956cbcbdf6a6845ca736b2c64e197ca7cbb9d210b939"
  name = "github.com/spf13/cobra"
  packages = ["."]
  pruneopts = "UT"
  revision = "ef82de70bb3f60c65fb8eebacbb2d122ef517385"
  version = "v0.0.3"

[[projects]]
  digest = "1:dab83a1bbc7ad3d7a6ba1a1cc1760f25ac38cdf7d96a5cdd55cd915a4f5ceaf9"
  name = "github.com/spf13/pflag"
  packages = ["."]
  pruneopts = "UT"
  revision = "9a97c102cda95a86cec2345a6f09f55a939babf5"
  version = "v1.0.2"

[[projects]]
  branch = "master"
  digest = "1:f71d561a99ca2fc0ecdffffcff348843969d7bd2d02b3e5b9f2021bff140dc3a"
  name = "golang.org/x/crypto"
  packages = [
    "argon2",
    "blake2b",
    "sha3",
    "ssh/terminal",
  ]
  pruneopts = "UT"
  revision = "56440b844dfe139a8ac053f4ecac0b20b79058f4"

[[projects]]
  branch = "master"
  digest = "1:cedccf45379adb115a7382ad1c22adc99e5f43f7833e76255cde85f4074d0058"
  name = "golang.org/x/sys"
  packages = [
    "cpu",
    "unix",
    "windows",
  ]
  pruneopts = "UT"
  revision = "0ffbfd41fbef8ffcf9b62b0b0aa3a5873ed7a4fe"

[[projects]]
  digest = "1:d8cd4f14785b5ae65100524a29ebba8b9dfc5401020fe7504f80b438bb8e8e0d"
  name = "gopkg.in/cheggaaa/pb.v1"
  packages = ["."]
  pruneopts = "UT"
  revision = "2af8bbdea9e99e83b3ac400d8f6b6d1b8cbbf338"
  version = "v1.0.25"

[[projects]]
  digest = "1:10aaee8ca3ebf2edad8e33398da918b7948f541cd372ff1a8948f724cfd4610f"
  name = "rsc.io/qr"
  packages = [
    "coding",
    "gf256",
  ]
  pruneopts = "UT"
  revision = "48b2ede4844e13f1a2b7ce4d2529c9af7e359fc5"
  version = "v0.1.0"

[solve-meta]
  analyzer-name = "dep"
  analyzer-version = 1
  input-imports = [
    "github.com/atotto/clipboard",
    "github.com/castillobgr/sententia",
    "github.com/fatih/color",
    "github.com/mattn/go-sqlite3",
    "github.com/mdp/qrterminal",
    "github.com/nbutton23/zxcvbn-go",
    "github.com/olekukonko/tablewriter",
    "github.com/sahilm/fuzzy",
    "github.com/spf13/cast",
    "github.com/spf13/cobra",
    "golang.org/x/crypto/argon2",
    "golang.org/x/crypto/sha3",
    "golang.org/x/crypto/ssh/terminal",
    "gopkg.in/cheggaaa/pb.v1",
  ]
  solver-name = "gps-cdcl"
  solver-version = 1
